<?xml version="1.0" encoding="utf-8"?>
<Project ToolsVersion="4.0" xmlns="http://schemas.microsoft.com/developer/msbuild/2003">
  <ItemGroup>
    <Filter Include="Source Files">
      <UniqueIdentifier>{4FC737F1-C7A5-4376-A066-2A32D752A2FF}</UniqueIdentifier>
      <Extensions>cpp;c;cc;cxx;c++;cppm;ixx;def;odl;idl;hpj;bat;asm;asmx</Extensions>
    </Filter>
    <Filter Include="Header Files">
      <UniqueIdentifier>{93995380-89BD-4b04-88EB-625FBE52EBFB}</UniqueIdentifier>
      <Extensions>h;hh;hpp;hxx;h++;hm;inl;inc;ipp;xsd</Extensions>
    </Filter>
    <Filter Include="Shader Files">
      <UniqueIdentifier>{3756b9ab-8f64-48b0-8ad8-eb2bff556b26}</UniqueIdentifier>
    </Filter>
    <Filter Include="Libs">
      <UniqueIdentifier>{72212333-049e-40ba-be26-0124dfa07cc2}</UniqueIdentifier>
    </Filter>
    <Filter Include="Source Files\Class Implementations">
      <UniqueIdentifier>{a7646077-2bfb-4279-bca9-ee04f682ec75}</UniqueIdentifier>
    </Filter>
  </ItemGroup>
  <ItemGroup>
    <ClInclude Include="c_shader_loader.h">
      <Filter>Header Files</Filter>
    </ClInclude>
    <ClInclude Include="c_graphics_utils.h">
      <Filter>Header Files</Filter>
    </ClInclude>
    <ClInclude Include="c_texture_loader.h">
      <Filter>Header Files</Filter>
    </ClInclude>
    <ClInclude Include="c_transformations.h">
      <Filter>Header Files</Filter>
    </ClInclude>
    <ClInclude Include="c_shape.h">
      <Filter>Header Files</Filter>
    </ClInclude>
    <ClInclude Include="c_triangle.h">
      <Filter>Header Files</Filter>
    </ClInclude>
    <ClInclude Include="c_quad.h">
      <Filter>Header Files</Filter>
    </ClInclude>
  </ItemGroup>
  <ItemGroup>
    <ClCompile Include="image_loader.cpp">
      <Filter>Libs</Filter>
    </ClCompile>
    <ClCompile Include="main.cpp">
      <Filter>Source Files</Filter>
    </ClCompile>
    <ClCompile Include="c_transformations.cpp">
      <Filter>Source Files\Class Implementations</Filter>
    </ClCompile>
    <ClCompile Include="c_graphics_utils.cpp">
      <Filter>Source Files\Class Implementations</Filter>
    </ClCompile>
    <ClCompile Include="c_texture_loader.cpp">
      <Filter>Source Files\Class Implementations</Filter>
    </ClCompile>
    <ClCompile Include="c_shader_loader.cpp">
      <Filter>Source Files\Class Implementations</Filter>
    </ClCompile>
    <ClCompile Include="c_quad.cpp">
      <Filter>Source Files\Class Implementations</Filter>
    </ClCompile>
    <ClCompile Include="c_triangle.cpp">
      <Filter>Source Files\Class Implementations</Filter>
    </ClCompile>
    <ClCompile Include="c_shape.cpp">
      <Filter>Source Files\Class Implementations</Filter>
    </ClCompile>
  </ItemGroup>
  <ItemGroup>
    <None Include="Exercise_2.frag">
      <Filter>Shader Files</Filter>
    </None>
    <None Include="Exercise_2.vert">
      <Filter>Shader Files</Filter>
    </None>
  </ItemGroup>
</Project>